{
  "originHash" : "e8f130fe30ac6cdc940ef06ee1e8535e9f46ffee6aeead1722b9525562f6ce08",
  "pins" : [
    {
      "identity" : "alamofire",
      "kind" : "remoteSourceControl",
      "location" : "https://github.com/Alamofire/Alamofire.git",
      "state" : {
        "revision" : "b2fa556e4e48cbf06cf8c63def138c98f4b811fa",
        "version" : "5.8.0"
      }
    }
  ],
  "version" : 3
}
